<?xml version="1.0" encoding="utf-8"?>
<Project ToolsVersion="4.0" xmlns="http://schemas.microsoft.com/developer/msbuild/2003">
  <ItemGroup>
    <Filter Include="Source Files">
      <UniqueIdentifier>{4FC737F1-C7A5-4376-A066-2A32D752A2FF}</UniqueIdentifier>
      <Extensions>cpp;c;cc;cxx;c++;cppm;ixx;def;odl;idl;hpj;bat;asm;asmx</Extensions>
    </Filter>
    <Filter Include="Header Files">
      <UniqueIdentifier>{93995380-89BD-4b04-88EB-625FBE52EBFB}</UniqueIdentifier>
      <Extensions>h;hh;hpp;hxx;h++;hm;inl;inc;ipp;xsd</Extensions>
    </Filter>
    <Filter Include="Resource Files">
      <UniqueIdentifier>{67DA6AB6-F800-4c08-8B7A-83BB121AAD01}</UniqueIdentifier>
      <Extensions>rc;ico;cur;bmp;dlg;rc2;rct;bin;rgs;gif;jpg;jpeg;jpe;resx;tiff;tif;png;wav;mfcribbon-ms</Extensions>
    </Filter>
    <Filter Include="Source Files\dataset">
      <UniqueIdentifier>{cfc766d2-63a4-41b0-9205-8fc12de11ada}</UniqueIdentifier>
    </Filter>
  </ItemGroup>
  <ItemGroup>
    <ClCompile Include="main.cpp">
      <Filter>Source Files</Filter>
    </ClCompile>
  </ItemGroup>
  <ItemGroup>
    <Text Include="dataset\almostSortedBigList.txt">
      <Filter>Source Files\dataset</Filter>
    </Text>
    <Text Include="dataset\almostSortedMediumList.txt">
      <Filter>Source Files\dataset</Filter>
    </Text>
    <Text Include="dataset\almostSortedSmallList.txt">
      <Filter>Source Files\dataset</Filter>
    </Text>
    <Text Include="dataset\halfSortedBigList.txt">
      <Filter>Source Files\dataset</Filter>
    </Text>
    <Text Include="dataset\halfSortedMediumList.txt">
      <Filter>Source Files\dataset</Filter>
    </Text>
    <Text Include="dataset\halfSortedSmallList.txt">
      <Filter>Source Files\dataset</Filter>
    </Text>
    <Text Include="dataset\invertedSortedBigList.txt">
      <Filter>Source Files\dataset</Filter>
    </Text>
    <Text Include="dataset\invertedSortedMediumList.txt">
      <Filter>Source Files\dataset</Filter>
    </Text>
    <Text Include="dataset\invertedSortedSmallList.txt">
      <Filter>Source Files\dataset</Filter>
    </Text>
    <Text Include="dataset\pureRandomGinormousList.txt">
      <Filter>Source Files\dataset</Filter>
    </Text>
    <Text Include="dataset\randomBigList.txt">
      <Filter>Source Files\dataset</Filter>
    </Text>
    <Text Include="dataset\randomMediumList.txt">
      <Filter>Source Files\dataset</Filter>
    </Text>
    <Text Include="dataset\randomSmallList.txt">
      <Filter>Source Files\dataset</Filter>
    </Text>
    <Text Include="dataset\smallFloatsBigList.txt">
      <Filter>Source Files\dataset</Filter>
    </Text>
    <Text Include="dataset\smallIntsBigList.txt">
      <Filter>Source Files\dataset</Filter>
    </Text>
    <Text Include="dataset\sortedBigList.txt">
      <Filter>Source Files\dataset</Filter>
    </Text>
    <Text Include="dataset\sortedMediumList.txt">
      <Filter>Source Files\dataset</Filter>
    </Text>
    <Text Include="dataset\sortedSmallList.txt">
      <Filter>Source Files\dataset</Filter>
    </Text>
    <Text Include="dataset\WARNINGRequiresThreadripperList.txt">
      <Filter>Source Files\dataset</Filter>
    </Text>
  </ItemGroup>
</Project>